
Microsoft Visual Studio Solution File, Format Version 12.00
# Visual Studio Version 16
VisualStudioVersion = 16.0.31205.134
MinimumVisualStudioVersion = 10.0.40219.1
Project("{FAE04EC0-301F-11D3-BF4B-00C04F79EFBC}") = "RyansoSansoMC", "RyansoSansoMC\RyansoSansoMC.csproj", "{A9EA6D3D-F7AF-4E88-BE54-ADFF6582ED7F}"
EndProject
Global
	GlobalSection(SolutionConfigurationPlatforms) = preSolution
		Debug|Any CPU = Debug|Any CPU
		Release|Any CPU = Release|Any CPU
	EndGlobalSection
	GlobalSection(ProjectConfigurationPlatforms) = postSolution
		{A9EA6D3D-F7AF-4E88-BE54-ADFF6582ED7F}.Debug|Any CPU.ActiveCfg = Debug|Any CPU
		{A9EA6D3D-F7AF-4E88-BE54-ADFF6582ED7F}.Debug|Any CPU.Build.0 = Debug|Any CPU
		{A9EA6D3D-F7AF-4E88-BE54-ADFF6582ED7F}.Release|Any CPU.ActiveCfg = Release|Any CPU
		{A9EA6D3D-F7AF-4E88-BE54-ADFF6582ED7F}.Release|Any CPU.Build.0 = Release|Any CPU
	EndGlobalSection
	GlobalSection(SolutionProperties) = preSolution
		HideSolutionNode = FALSE
	EndGlobalSection
	GlobalSection(ExtensibilityGlobals) = postSolution
		SolutionGuid = {9CE08322-67C7-471F-9005-68F28F2D0B4A}
	EndGlobalSection
EndGlobal
